# THIS IS AN AUTOGENERATED FILE. DO NOT EDIT THIS FILE DIRECTLY.
# yarn lockfile v1


emailjs-com@^2.4.0:
  version "2.4.0"
  resolved "https://registry.yarnpkg.com/emailjs-com/-/emailjs-com-2.4.0.tgz#16111a0912026523319fdde45435cb54a1f63130"
  integrity sha512-0g4bmNmsP1qZNxni1ta5Vytg/UZ8KinFTCat0zxOV3ziGZLkMhwVYRxNRLq7EASWL23yrLGkMwvE8UIrJtnpWw==
